%{
  "aja": {:hex, :aja, "0.6.0", "89638b02b55cf827add11c63bf525d03cbd47601ac9ccc78423d14d86265aa29", [:mix], [{:jason, "~> 1.2", [hex: :jason, repo: "hexpm", optional: true]}], "hexpm", "3b44391af7c6ffdce98f57608fe627f50dee129e810262a84de97f9ae9ebb0d5"},
  "arrays": {:hex, :arrays, "2.0.2", "3a5d4327faedf16ba9c60640928e136592b43849bd07324d95de7a9190025d46", [:mix], [{:extractable, "~> 1.0", [hex: :extractable, repo: "hexpm", optional: false]}, {:fun_land, "~> 0.10.0", [hex: :fun_land, repo: "hexpm", optional: true]}, {:insertable, "~> 1.0", [hex: :insertable, repo: "hexpm", optional: false]}], "hexpm", "c3a8c109bc6665534e6673705f914a3efc6a28a97a3f629fb32f8a35057243b3"},
  "arrays_aja": {:hex, :arrays_aja, "0.2.0", "36331c03b022a6c8e76fe7aa64d7bb9a3ff2ce9dfd3b510ca03515a4fe8201f6", [:mix], [{:aja, "~> 0.6.0", [hex: :aja, repo: "hexpm", optional: false]}, {:arrays, "~> 2.0", [hex: :arrays, repo: "hexpm", optional: false]}], "hexpm", "89f5b01904ca0ca10bc44da6c827fb3f5dabaf0e5a026f33a822f60bc8291ac5"},
  "extractable": {:hex, :extractable, "1.0.1", "2cf2b213cbda82eb578c821de48fa313cddfa7573b256bce4306248f56b44509", [:mix], [{:type_check, "~> 0.8", [hex: :type_check, repo: "hexpm", optional: false]}], "hexpm", "820e9db7550a62c7d63b760a8da51ab2341ba425563955db005baadcb403b046"},
  "insertable": {:hex, :insertable, "1.0.0", "879c7023b5491bbb694dff78422c94faded616fda963e529916343bc6e35162f", [:mix], [{:type_check, "~> 0.8", [hex: :type_check, repo: "hexpm", optional: false]}], "hexpm", "4b3f60169221a1ace67fdfe8b0d3c35708c098e55df549d4a374b9a7b0255af4"},
  "type_check": {:hex, :type_check, "0.10.4", "bf1a9804e7643bb76f81134c589734bcc7f716e011605bf9ada84ccf76893cf1", [:mix], [{:stream_data, "~> 0.5.0", [hex: :stream_data, repo: "hexpm", optional: true]}], "hexpm", "fff2554340fe9f38c02431a7a6f6dccb8f7cc940dea586a8fcf3b5d1925ccddc"},
}
